
Microsoft Visual Studio Solution File, Format Version 12.00
# Visual Studio Version 17
VisualStudioVersion = 17.9.34622.214
MinimumVisualStudioVersion = 10.0.40219.1
Project("{FAE04EC0-301F-11D3-BF4B-00C04F79EFBC}") = "QuanLiKho", "QuanLiKho\QuanLiKho.csproj", "{9842F527-1244-4CA0-A1B7-6864D284B674}"
EndProject
Global
	GlobalSection(SolutionConfigurationPlatforms) = preSolution
		Debug|Any CPU = Debug|Any CPU
		Release|Any CPU = Release|Any CPU
	EndGlobalSection
	GlobalSection(ProjectConfigurationPlatforms) = postSolution
		{9842F527-1244-4CA0-A1B7-6864D284B674}.Debug|Any CPU.ActiveCfg = Debug|Any CPU
		{9842F527-1244-4CA0-A1B7-6864D284B674}.Debug|Any CPU.Build.0 = Debug|Any CPU
		{9842F527-1244-4CA0-A1B7-6864D284B674}.Release|Any CPU.ActiveCfg = Release|Any CPU
		{9842F527-1244-4CA0-A1B7-6864D284B674}.Release|Any CPU.Build.0 = Release|Any CPU
	EndGlobalSection
	GlobalSection(SolutionProperties) = preSolution
		HideSolutionNode = FALSE
	EndGlobalSection
	GlobalSection(ExtensibilityGlobals) = postSolution
		SolutionGuid = {BB64A95B-3110-43B5-9249-2C3E4361D178}
	EndGlobalSection
EndGlobal
